github.com/hugoinaction/Eclectic v0.0.0-20200306043756-a3a6d6100b49 h1:gkODOSVtyhQkuUVAHJ8hfHL2MhB75PwMYpeyn4cfNCs=
github.com/hugoinaction/Eclectic v0.0.0-20200306043756-a3a6d6100b49/go.mod h1:z4ORsG6K5BF+U3ssVkl+7kzy770SWHxNXfWYzdQrqGc=
github.com/hugoinaction/Universal v0.0.0-20190510135239-1291f437fd8d h1:gfwI8T+XwZtXytkrICu5QS9k8cRNY2IByZpDb4AF1jY=
github.com/hugoinaction/Universal v0.0.0-20190510135239-1291f437fd8d/go.mod h1:tn5626W3c7g5nJ84Hsoe7/Oj1vT5D7xe9yyNhMe72X8=
